
Microsoft Visual Studio Solution File, Format Version 12.00
# Visual Studio Version 17
VisualStudioVersion = 17.4.33403.182
MinimumVisualStudioVersion = 10.0.40219.1
Project("{FAE04EC0-301F-11D3-BF4B-00C04F79EFBC}") = "app2000", "app2000\app2000.csproj", "{239D66AF-E992-4B47-856A-E663A816A0D5}"
EndProject
Global
	GlobalSection(SolutionConfigurationPlatforms) = preSolution
		Debug|Any CPU = Debug|Any CPU
		Release|Any CPU = Release|Any CPU
	EndGlobalSection
	GlobalSection(ProjectConfigurationPlatforms) = postSolution
		{239D66AF-E992-4B47-856A-E663A816A0D5}.Debug|Any CPU.ActiveCfg = Debug|Any CPU
		{239D66AF-E992-4B47-856A-E663A816A0D5}.Debug|Any CPU.Build.0 = Debug|Any CPU
		{239D66AF-E992-4B47-856A-E663A816A0D5}.Release|Any CPU.ActiveCfg = Release|Any CPU
		{239D66AF-E992-4B47-856A-E663A816A0D5}.Release|Any CPU.Build.0 = Release|Any CPU
	EndGlobalSection
	GlobalSection(SolutionProperties) = preSolution
		HideSolutionNode = FALSE
	EndGlobalSection
	GlobalSection(ExtensibilityGlobals) = postSolution
		SolutionGuid = {CE63DBCA-6C3A-435D-B1A4-14838579F43D}
	EndGlobalSection
EndGlobal
